# This file is automatically @generated by Cargo.
# It is not intended for manual editing.
version = 4

[[package]]
name = "zalo-cli"
version = "0.0.0"
dependencies = [
 "zalo-core",
]

[[package]]
name = "zalo-core"
version = "0.0.0"

[[package]]
name = "zalo-gui"
version = "0.0.0"
dependencies = [
 "zalo-core",
]
